
Microsoft Visual Studio Solution File, Format Version 12.00
# Visual Studio 15
VisualStudioVersion = 15.0.26403.7
MinimumVisualStudioVersion = 10.0.40219.1
Project("{2150E333-8FDC-42A3-9474-1A3956D46DE8}") = "src", "src", "{E21EA591-9ACA-481A-B246-83305849AE5B}"
EndProject
Project("{2150E333-8FDC-42A3-9474-1A3956D46DE8}") = "Solution Items", "Solution Items", "{41F66249-225A-4CC6-B02D-EA54542D1383}"
EndProject
Project("{9A19103F-16F7-4668-BE54-9A1E7A4F7556}") = "Azure-File-Share", "src\Azure-File-Share\Azure-File-Share.csproj", "{2D79AA15-85D1-4A39-BE98-FEFB5667CD76}"
EndProject
Project("{9A19103F-16F7-4668-BE54-9A1E7A4F7556}") = "Azure-File-Share.Core", "src\Azure-File-Share.Core\Azure-File-Share.Core.csproj", "{B0309EEB-982C-46B5-A453-30DE825A89BE}"
EndProject
Global
	GlobalSection(SolutionConfigurationPlatforms) = preSolution
		Debug|Any CPU = Debug|Any CPU
		Release|Any CPU = Release|Any CPU
	EndGlobalSection
	GlobalSection(ProjectConfigurationPlatforms) = postSolution
		{2D79AA15-85D1-4A39-BE98-FEFB5667CD76}.Debug|Any CPU.ActiveCfg = Debug|Any CPU
		{2D79AA15-85D1-4A39-BE98-FEFB5667CD76}.Debug|Any CPU.Build.0 = Debug|Any CPU
		{2D79AA15-85D1-4A39-BE98-FEFB5667CD76}.Release|Any CPU.ActiveCfg = Release|Any CPU
		{2D79AA15-85D1-4A39-BE98-FEFB5667CD76}.Release|Any CPU.Build.0 = Release|Any CPU
		{B0309EEB-982C-46B5-A453-30DE825A89BE}.Debug|Any CPU.ActiveCfg = Debug|Any CPU
		{B0309EEB-982C-46B5-A453-30DE825A89BE}.Debug|Any CPU.Build.0 = Debug|Any CPU
		{B0309EEB-982C-46B5-A453-30DE825A89BE}.Release|Any CPU.ActiveCfg = Release|Any CPU
		{B0309EEB-982C-46B5-A453-30DE825A89BE}.Release|Any CPU.Build.0 = Release|Any CPU
	EndGlobalSection
	GlobalSection(SolutionProperties) = preSolution
		HideSolutionNode = FALSE
	EndGlobalSection
	GlobalSection(NestedProjects) = preSolution
		{2D79AA15-85D1-4A39-BE98-FEFB5667CD76} = {E21EA591-9ACA-481A-B246-83305849AE5B}
		{B0309EEB-982C-46B5-A453-30DE825A89BE} = {E21EA591-9ACA-481A-B246-83305849AE5B}
	EndGlobalSection
EndGlobal
